// !$*UTF8*$!
{
	archiveVersion = 1;
	classes = {
	};
	objectVersion = 46;
	objects = {

/* Begin PBXBuildFile section */
		368672E1A0D6E6DDE4B1E5CF /* TWChaptersDetailsViewController.m in Sources */ = {isa = PBXBuildFile; fileRef = 36867A3052E155D3AFA3335E /* TWChaptersDetailsViewController.m */; };
		4927DD101865EC50001E750A /* TWCourses.m in Sources */ = {isa = PBXBuildFile; fileRef = 4927DD0D1865EC50001E750A /* TWCourses.m */; };
		4927DD111865EC50001E750A /* TWChapter.m in Sources */ = {isa = PBXBuildFile; fileRef = 4927DD0F1865EC50001E750A /* TWChapter.m */; };
		4927DD141865EC5D001E750A /* TWCoursesDetailsViewController.m in Sources */ = {isa = PBXBuildFile; fileRef = 4927DD131865EC5D001E750A /* TWCoursesDetailsViewController.m */; };
		49628A5F18739E930017D12D /* chapter_Storyboard.storyboard in Resources */ = {isa = PBXBuildFile; fileRef = 49628A5E18739E930017D12D /* chapter_Storyboard.storyboard */; };
		4966B8D31870AE10005B1804 /* chapters_Storyboard.storyboard in Resources */ = {isa = PBXBuildFile; fileRef = 4966B8D21870AE10005B1804 /* chapters_Storyboard.storyboard */; };
		4966B8D61870B4B1005B1804 /* TWCoursesViewController.m in Sources */ = {isa = PBXBuildFile; fileRef = 4966B8D51870B4B1005B1804 /* TWCoursesViewController.m */; };
		4966B8D91870B56D005B1804 /* TWCoursesCell.m in Sources */ = {isa = PBXBuildFile; fileRef = 4966B8D81870B56D005B1804 /* TWCoursesCell.m */; };
		49A090611873D300004007CC /* MediaPlayer.framework in Frameworks */ = {isa = PBXBuildFile; fileRef = 49A090601873D300004007CC /* MediaPlayer.framework */; };
		49DE68841865A766008846C9 /* Foundation.framework in Frameworks */ = {isa = PBXBuildFile; fileRef = 49DE68831865A766008846C9 /* Foundation.framework */; };
		49DE68861865A766008846C9 /* CoreGraphics.framework in Frameworks */ = {isa = PBXBuildFile; fileRef = 49DE68851865A766008846C9 /* CoreGraphics.framework */; };
		49DE68881865A766008846C9 /* UIKit.framework in Frameworks */ = {isa = PBXBuildFile; fileRef = 49DE68871865A766008846C9 /* UIKit.framework */; };
		49DE688E1865A766008846C9 /* InfoPlist.strings in Resources */ = {isa = PBXBuildFile; fileRef = 49DE688C1865A766008846C9 /* InfoPlist.strings */; };
		49DE68901865A766008846C9 /* main.m in Sources */ = {isa = PBXBuildFile; fileRef = 49DE688F1865A766008846C9 /* main.m */; };
		49DE68941865A766008846C9 /* TWAppDelegate.m in Sources */ = {isa = PBXBuildFile; fileRef = 49DE68931865A766008846C9 /* TWAppDelegate.m */; };
		49DE689A1865A766008846C9 /* TWViewController.m in Sources */ = {isa = PBXBuildFile; fileRef = 49DE68991865A766008846C9 /* TWViewController.m */; };
		49DE689C1865A766008846C9 /* Images.xcassets in Resources */ = {isa = PBXBuildFile; fileRef = 49DE689B1865A766008846C9 /* Images.xcassets */; };
		49DE68A31865A766008846C9 /* XCTest.framework in Frameworks */ = {isa = PBXBuildFile; fileRef = 49DE68A21865A766008846C9 /* XCTest.framework */; };
		49DE68A41865A766008846C9 /* Foundation.framework in Frameworks */ = {isa = PBXBuildFile; fileRef = 49DE68831865A766008846C9 /* Foundation.framework */; };
		49DE68A51865A766008846C9 /* UIKit.framework in Frameworks */ = {isa = PBXBuildFile; fileRef = 49DE68871865A766008846C9 /* UIKit.framework */; };
		49DE68AD1865A766008846C9 /* InfoPlist.strings in Resources */ = {isa = PBXBuildFile; fileRef = 49DE68AB1865A766008846C9 /* InfoPlist.strings */; };
		49DE68AF1865A766008846C9 /* twcoursesTests.m in Sources */ = {isa = PBXBuildFile; fileRef = 49DE68AE1865A766008846C9 /* twcoursesTests.m */; };
		49DE68BA1865C015008846C9 /* sections_Storyboard.storyboard in Resources */ = {isa = PBXBuildFile; fileRef = 49DE68B91865C015008846C9 /* sections_Storyboard.storyboard */; };
		49FBBA8E187AD9F00083222A /* play_button.png in Resources */ = {isa = PBXBuildFile; fileRef = 49FBBA8D187AD9F00083222A /* play_button.png */; };
		49FBBA93187AF0DA0083222A /* TWVedioImageView.m in Sources */ = {isa = PBXBuildFile; fileRef = 49FBBA92187AF0DA0083222A /* TWVedioImageView.m */; };
		939B3ECE18705D440020C15C /* NSNumber+TWVideoLength.m in Sources */ = {isa = PBXBuildFile; fileRef = 939B3ECD18705D440020C15C /* NSNumber+TWVideoLength.m */; };
		939B3ED11870608E0020C15C /* Localizable.strings in Resources */ = {isa = PBXBuildFile; fileRef = 939B3ED31870608E0020C15C /* Localizable.strings */; };
		AA5A22DE641F4CE698DAF79C /* libPods.a in Frameworks */ = {isa = PBXBuildFile; fileRef = E9F5CBAC593D4765ABC16B75 /* libPods.a */; };
/* End PBXBuildFile section */

/* Begin PBXContainerItemProxy section */
		49DE68A61865A766008846C9 /* PBXContainerItemProxy */ = {
			isa = PBXContainerItemProxy;
			containerPortal = 49DE68781865A766008846C9 /* Project object */;
			proxyType = 1;
			remoteGlobalIDString = 49DE687F1865A766008846C9;
			remoteInfo = twcourses;
		};
/* End PBXContainerItemProxy section */

/* Begin PBXFileReference section */
		3686794ED43C1ABBEC0DF1FC /* TWChaptersDetailsViewController.h */ = {isa = PBXFileReference; fileEncoding = 4; lastKnownFileType = sourcecode.c.h; path = TWChaptersDetailsViewController.h; sourceTree = "<group>"; };
		36867A3052E155D3AFA3335E /* TWChaptersDetailsViewController.m */ = {isa = PBXFileReference; fileEncoding = 4; lastKnownFileType = sourcecode.c.objc; path = TWChaptersDetailsViewController.m; sourceTree = "<group>"; };
		4927DD0C1865EC50001E750A /* TWCourses.h */ = {isa = PBXFileReference; fileEncoding = 4; lastKnownFileType = sourcecode.c.h; name = TWCourses.h; path = modules/TWCourses.h; sourceTree = "<group>"; };
		4927DD0D1865EC50001E750A /* TWCourses.m */ = {isa = PBXFileReference; fileEncoding = 4; lastKnownFileType = sourcecode.c.objc; name = TWCourses.m; path = modules/TWCourses.m; sourceTree = "<group>"; };
		4927DD0E1865EC50001E750A /* TWChapter.h */ = {isa = PBXFileReference; fileEncoding = 4; lastKnownFileType = sourcecode.c.h; name = TWChapter.h; path = modules/TWChapter.h; sourceTree = "<group>"; };
		4927DD0F1865EC50001E750A /* TWChapter.m */ = {isa = PBXFileReference; fileEncoding = 4; lastKnownFileType = sourcecode.c.objc; name = TWChapter.m; path = modules/TWChapter.m; sourceTree = "<group>"; };
		4927DD121865EC5D001E750A /* TWCoursesDetailsViewController.h */ = {isa = PBXFileReference; fileEncoding = 4; lastKnownFileType = sourcecode.c.h; path = TWCoursesDetailsViewController.h; sourceTree = "<group>"; };
		4927DD131865EC5D001E750A /* TWCoursesDetailsViewController.m */ = {isa = PBXFileReference; fileEncoding = 4; lastKnownFileType = sourcecode.c.objc; path = TWCoursesDetailsViewController.m; sourceTree = "<group>"; };
		49628A5E18739E930017D12D /* chapter_Storyboard.storyboard */ = {isa = PBXFileReference; fileEncoding = 4; lastKnownFileType = file.storyboard; path = chapter_Storyboard.storyboard; sourceTree = "<group>"; };
		4966B8D21870AE10005B1804 /* chapters_Storyboard.storyboard */ = {isa = PBXFileReference; fileEncoding = 4; lastKnownFileType = file.storyboard; path = chapters_Storyboard.storyboard; sourceTree = "<group>"; };
		4966B8D41870B4B1005B1804 /* TWCoursesViewController.h */ = {isa = PBXFileReference; fileEncoding = 4; lastKnownFileType = sourcecode.c.h; path = TWCoursesViewController.h; sourceTree = "<group>"; };
		4966B8D51870B4B1005B1804 /* TWCoursesViewController.m */ = {isa = PBXFileReference; fileEncoding = 4; lastKnownFileType = sourcecode.c.objc; path = TWCoursesViewController.m; sourceTree = "<group>"; };
		4966B8D71870B56D005B1804 /* TWCoursesCell.h */ = {isa = PBXFileReference; fileEncoding = 4; lastKnownFileType = sourcecode.c.h; path = TWCoursesCell.h; sourceTree = "<group>"; };
		4966B8D81870B56D005B1804 /* TWCoursesCell.m */ = {isa = PBXFileReference; fileEncoding = 4; lastKnownFileType = sourcecode.c.objc; path = TWCoursesCell.m; sourceTree = "<group>"; };
		496CEDB6186970F7006BED0E /* TWRKModule.h */ = {isa = PBXFileReference; fileEncoding = 4; lastKnownFileType = sourcecode.c.h; name = TWRKModule.h; path = modules/TWRKModule.h; sourceTree = "<group>"; };
		499464F318671CF5003C22CB /* TWDefines.h */ = {isa = PBXFileReference; fileEncoding = 4; lastKnownFileType = sourcecode.c.h; path = TWDefines.h; sourceTree = "<group>"; };
		49A090601873D300004007CC /* MediaPlayer.framework */ = {isa = PBXFileReference; lastKnownFileType = wrapper.framework; name = MediaPlayer.framework; path = System/Library/Frameworks/MediaPlayer.framework; sourceTree = SDKROOT; };
		49DE68801865A766008846C9 /* twcourses.app */ = {isa = PBXFileReference; explicitFileType = wrapper.application; includeInIndex = 0; path = twcourses.app; sourceTree = BUILT_PRODUCTS_DIR; };
		49DE68831865A766008846C9 /* Foundation.framework */ = {isa = PBXFileReference; lastKnownFileType = wrapper.framework; name = Foundation.framework; path = System/Library/Frameworks/Foundation.framework; sourceTree = SDKROOT; };
		49DE68851865A766008846C9 /* CoreGraphics.framework */ = {isa = PBXFileReference; lastKnownFileType = wrapper.framework; name = CoreGraphics.framework; path = System/Library/Frameworks/CoreGraphics.framework; sourceTree = SDKROOT; };
		49DE68871865A766008846C9 /* UIKit.framework */ = {isa = PBXFileReference; lastKnownFileType = wrapper.framework; name = UIKit.framework; path = System/Library/Frameworks/UIKit.framework; sourceTree = SDKROOT; };
		49DE688B1865A766008846C9 /* twcourses-Info.plist */ = {isa = PBXFileReference; lastKnownFileType = text.plist.xml; path = "twcourses-Info.plist"; sourceTree = "<group>"; };
		49DE688D1865A766008846C9 /* en */ = {isa = PBXFileReference; lastKnownFileType = text.plist.strings; name = en; path = en.lproj/InfoPlist.strings; sourceTree = "<group>"; };
		49DE688F1865A766008846C9 /* main.m */ = {isa = PBXFileReference; lastKnownFileType = sourcecode.c.objc; path = main.m; sourceTree = "<group>"; };
		49DE68911865A766008846C9 /* twcourses-Prefix.pch */ = {isa = PBXFileReference; lastKnownFileType = sourcecode.c.h; path = "twcourses-Prefix.pch"; sourceTree = "<group>"; };
		49DE68921865A766008846C9 /* TWAppDelegate.h */ = {isa = PBXFileReference; lastKnownFileType = sourcecode.c.h; path = TWAppDelegate.h; sourceTree = "<group>"; };
		49DE68931865A766008846C9 /* TWAppDelegate.m */ = {isa = PBXFileReference; lastKnownFileType = sourcecode.c.objc; path = TWAppDelegate.m; sourceTree = "<group>"; };
		49DE68981865A766008846C9 /* TWViewController.h */ = {isa = PBXFileReference; lastKnownFileType = sourcecode.c.h; path = TWViewController.h; sourceTree = "<group>"; };
		49DE68991865A766008846C9 /* TWViewController.m */ = {isa = PBXFileReference; lastKnownFileType = sourcecode.c.objc; path = TWViewController.m; sourceTree = "<group>"; };
		49DE689B1865A766008846C9 /* Images.xcassets */ = {isa = PBXFileReference; lastKnownFileType = folder.assetcatalog; path = Images.xcassets; sourceTree = "<group>"; };
		49DE68A11865A766008846C9 /* twcoursesTests.xctest */ = {isa = PBXFileReference; explicitFileType = wrapper.cfbundle; includeInIndex = 0; path = twcoursesTests.xctest; sourceTree = BUILT_PRODUCTS_DIR; };
		49DE68A21865A766008846C9 /* XCTest.framework */ = {isa = PBXFileReference; lastKnownFileType = wrapper.framework; name = XCTest.framework; path = Library/Frameworks/XCTest.framework; sourceTree = DEVELOPER_DIR; };
		49DE68AA1865A766008846C9 /* twcoursesTests-Info.plist */ = {isa = PBXFileReference; lastKnownFileType = text.plist.xml; path = "twcoursesTests-Info.plist"; sourceTree = "<group>"; };
		49DE68AC1865A766008846C9 /* en */ = {isa = PBXFileReference; lastKnownFileType = text.plist.strings; name = en; path = en.lproj/InfoPlist.strings; sourceTree = "<group>"; };
		49DE68AE1865A766008846C9 /* twcoursesTests.m */ = {isa = PBXFileReference; lastKnownFileType = sourcecode.c.objc; path = twcoursesTests.m; sourceTree = "<group>"; };
		49DE68B91865C015008846C9 /* sections_Storyboard.storyboard */ = {isa = PBXFileReference; fileEncoding = 4; lastKnownFileType = file.storyboard; path = sections_Storyboard.storyboard; sourceTree = "<group>"; };
		49FBBA8D187AD9F00083222A /* play_button.png */ = {isa = PBXFileReference; lastKnownFileType = image.png; name = play_button.png; path = ../../../Desktop/play_button.png; sourceTree = "<group>"; };
		49FBBA91187AF0DA0083222A /* TWVedioImageView.h */ = {isa = PBXFileReference; fileEncoding = 4; lastKnownFileType = sourcecode.c.h; path = TWVedioImageView.h; sourceTree = "<group>"; };
		49FBBA92187AF0DA0083222A /* TWVedioImageView.m */ = {isa = PBXFileReference; fileEncoding = 4; lastKnownFileType = sourcecode.c.objc; path = TWVedioImageView.m; sourceTree = "<group>"; };
		939B3ECC18705D440020C15C /* NSNumber+TWVideoLength.h */ = {isa = PBXFileReference; fileEncoding = 4; lastKnownFileType = sourcecode.c.h; name = "NSNumber+TWVideoLength.h"; path = "utils/NSNumber+TWVideoLength.h"; sourceTree = "<group>"; };
		939B3ECD18705D440020C15C /* NSNumber+TWVideoLength.m */ = {isa = PBXFileReference; fileEncoding = 4; lastKnownFileType = sourcecode.c.objc; name = "NSNumber+TWVideoLength.m"; path = "utils/NSNumber+TWVideoLength.m"; sourceTree = "<group>"; };
		939B3ED5187060D60020C15C /* en */ = {isa = PBXFileReference; lastKnownFileType = text.plist.strings; name = en; path = en.lproj/Localizable.strings; sourceTree = "<group>"; };
		939B3ED61870622A0020C15C /* zh-Hans */ = {isa = PBXFileReference; lastKnownFileType = text.plist.strings; name = "zh-Hans"; path = "zh-Hans.lproj/Localizable.strings"; sourceTree = "<group>"; };
		AC6088D3188A416C8FA266BC /* Pods.xcconfig */ = {isa = PBXFileReference; includeInIndex = 1; lastKnownFileType = text.xcconfig; name = Pods.xcconfig; path = Pods/Pods.xcconfig; sourceTree = "<group>"; };
		E9F5CBAC593D4765ABC16B75 /* libPods.a */ = {isa = PBXFileReference; explicitFileType = archive.ar; includeInIndex = 0; path = libPods.a; sourceTree = BUILT_PRODUCTS_DIR; };
/* End PBXFileReference section */

/* Begin PBXFrameworksBuildPhase section */
		49DE687D1865A766008846C9 /* Frameworks */ = {
			isa = PBXFrameworksBuildPhase;
			buildActionMask = 2147483647;
			files = (
				49A090611873D300004007CC /* MediaPlayer.framework in Frameworks */,
				49DE68861865A766008846C9 /* CoreGraphics.framework in Frameworks */,
				49DE68881865A766008846C9 /* UIKit.framework in Frameworks */,
				49DE68841865A766008846C9 /* Foundation.framework in Frameworks */,
				AA5A22DE641F4CE698DAF79C /* libPods.a in Frameworks */,
			);
			runOnlyForDeploymentPostprocessing = 0;
		};
		49DE689E1865A766008846C9 /* Frameworks */ = {
			isa = PBXFrameworksBuildPhase;
			buildActionMask = 2147483647;
			files = (
				49DE68A31865A766008846C9 /* XCTest.framework in Frameworks */,
				49DE68A51865A766008846C9 /* UIKit.framework in Frameworks */,
				49DE68A41865A766008846C9 /* Foundation.framework in Frameworks */,
			);
			runOnlyForDeploymentPostprocessing = 0;
		};
/* End PBXFrameworksBuildPhase section */

/* Begin PBXGroup section */
		499464EF18671BEB003C22CB /* images */ = {
			isa = PBXGroup;
			children = (
				49FBBA8D187AD9F00083222A /* play_button.png */,
			);
			name = images;
			sourceTree = "<group>";
		};
		499464F218671CAB003C22CB /* utils */ = {
			isa = PBXGroup;
			children = (
				499464F318671CF5003C22CB /* TWDefines.h */,
				939B3ECC18705D440020C15C /* NSNumber+TWVideoLength.h */,
				939B3ECD18705D440020C15C /* NSNumber+TWVideoLength.m */,
			);
			name = utils;
			sourceTree = "<group>";
		};
		49DE68771865A766008846C9 = {
			isa = PBXGroup;
			children = (
				499464EF18671BEB003C22CB /* images */,
				49DE68891865A766008846C9 /* twcourses */,
				49DE68A81865A766008846C9 /* twcoursesTests */,
				49DE68821865A766008846C9 /* Frameworks */,
				49DE68811865A766008846C9 /* Products */,
				AC6088D3188A416C8FA266BC /* Pods.xcconfig */,
			);
			sourceTree = "<group>";
		};
		49DE68811865A766008846C9 /* Products */ = {
			isa = PBXGroup;
			children = (
				49DE68801865A766008846C9 /* twcourses.app */,
				49DE68A11865A766008846C9 /* twcoursesTests.xctest */,
			);
			name = Products;
			sourceTree = "<group>";
		};
		49DE68821865A766008846C9 /* Frameworks */ = {
			isa = PBXGroup;
			children = (
				49A090601873D300004007CC /* MediaPlayer.framework */,
				49DE68831865A766008846C9 /* Foundation.framework */,
				49DE68851865A766008846C9 /* CoreGraphics.framework */,
				49DE68871865A766008846C9 /* UIKit.framework */,
				49DE68A21865A766008846C9 /* XCTest.framework */,
				E9F5CBAC593D4765ABC16B75 /* libPods.a */,
			);
			name = Frameworks;
			sourceTree = "<group>";
		};
		49DE68891865A766008846C9 /* twcourses */ = {
			isa = PBXGroup;
			children = (
				499464F218671CAB003C22CB /* utils */,
				4966B8D71870B56D005B1804 /* TWCoursesCell.h */,
				4966B8D81870B56D005B1804 /* TWCoursesCell.m */,
				49FBBA91187AF0DA0083222A /* TWVedioImageView.h */,
				49FBBA92187AF0DA0083222A /* TWVedioImageView.m */,
				4966B8D41870B4B1005B1804 /* TWCoursesViewController.h */,
				4966B8D51870B4B1005B1804 /* TWCoursesViewController.m */,
				4927DD121865EC5D001E750A /* TWCoursesDetailsViewController.h */,
				4927DD131865EC5D001E750A /* TWCoursesDetailsViewController.m */,
				3686794ED43C1ABBEC0DF1FC /* TWChaptersDetailsViewController.h */,
				36867A3052E155D3AFA3335E /* TWChaptersDetailsViewController.m */,
				49DE68BB1865C55C008846C9 /* modules */,
				49DE68B81865BF6B008846C9 /* storyborads */,
				49DE68921865A766008846C9 /* TWAppDelegate.h */,
				49DE68931865A766008846C9 /* TWAppDelegate.m */,
				49DE68981865A766008846C9 /* TWViewController.h */,
				49DE68991865A766008846C9 /* TWViewController.m */,
				49DE689B1865A766008846C9 /* Images.xcassets */,
				49DE688A1865A766008846C9 /* Supporting Files */,
			);
			path = twcourses;
			sourceTree = "<group>";
		};
		49DE688A1865A766008846C9 /* Supporting Files */ = {
			isa = PBXGroup;
			children = (
				49DE688B1865A766008846C9 /* twcourses-Info.plist */,
				49DE688C1865A766008846C9 /* InfoPlist.strings */,
				49DE688F1865A766008846C9 /* main.m */,
				49DE68911865A766008846C9 /* twcourses-Prefix.pch */,
				939B3ED31870608E0020C15C /* Localizable.strings */,
			);
			name = "Supporting Files";
			sourceTree = "<group>";
		};
		49DE68A81865A766008846C9 /* twcoursesTests */ = {
			isa = PBXGroup;
			children = (
				49DE68AE1865A766008846C9 /* twcoursesTests.m */,
				49DE68A91865A766008846C9 /* Supporting Files */,
			);
			path = twcoursesTests;
			sourceTree = "<group>";
		};
		49DE68A91865A766008846C9 /* Supporting Files */ = {
			isa = PBXGroup;
			children = (
				49DE68AA1865A766008846C9 /* twcoursesTests-Info.plist */,
				49DE68AB1865A766008846C9 /* InfoPlist.strings */,
			);
			name = "Supporting Files";
			sourceTree = "<group>";
		};
		49DE68B81865BF6B008846C9 /* storyborads */ = {
			isa = PBXGroup;
			children = (
				4966B8D21870AE10005B1804 /* chapters_Storyboard.storyboard */,
				49DE68B91865C015008846C9 /* sections_Storyboard.storyboard */,
				49628A5E18739E930017D12D /* chapter_Storyboard.storyboard */,
			);
			name = storyborads;
			sourceTree = "<group>";
		};
		49DE68BB1865C55C008846C9 /* modules */ = {
			isa = PBXGroup;
			children = (
				4927DD0C1865EC50001E750A /* TWCourses.h */,
				4927DD0D1865EC50001E750A /* TWCourses.m */,
				4927DD0E1865EC50001E750A /* TWChapter.h */,
				4927DD0F1865EC50001E750A /* TWChapter.m */,
				496CEDB6186970F7006BED0E /* TWRKModule.h */,
			);
			name = modules;
			sourceTree = "<group>";
		};
/* End PBXGroup section */

/* Begin PBXNativeTarget section */
		49DE687F1865A766008846C9 /* twcourses */ = {
			isa = PBXNativeTarget;
			buildConfigurationList = 49DE68B21865A766008846C9 /* Build configuration list for PBXNativeTarget "twcourses" */;
			buildPhases = (
				09A2F9397A40491F909055EE /* Check Pods Manifest.lock */,
				49DE687C1865A766008846C9 /* Sources */,
				49DE687D1865A766008846C9 /* Frameworks */,
				49DE687E1865A766008846C9 /* Resources */,
				16201073B6D14B299C4C1DAA /* Copy Pods Resources */,
			);
			buildRules = (
			);
			dependencies = (
			);
			name = twcourses;
			productName = twcourses;
			productReference = 49DE68801865A766008846C9 /* twcourses.app */;
			productType = "com.apple.product-type.application";
		};
		49DE68A01865A766008846C9 /* twcoursesTests */ = {
			isa = PBXNativeTarget;
			buildConfigurationList = 49DE68B51865A766008846C9 /* Build configuration list for PBXNativeTarget "twcoursesTests" */;
			buildPhases = (
				49DE689D1865A766008846C9 /* Sources */,
				49DE689E1865A766008846C9 /* Frameworks */,
				49DE689F1865A766008846C9 /* Resources */,
			);
			buildRules = (
			);
			dependencies = (
				49DE68A71865A766008846C9 /* PBXTargetDependency */,
			);
			name = twcoursesTests;
			productName = twcoursesTests;
			productReference = 49DE68A11865A766008846C9 /* twcoursesTests.xctest */;
			productType = "com.apple.product-type.bundle.unit-test";
		};
/* End PBXNativeTarget section */

/* Begin PBXProject section */
		49DE68781865A766008846C9 /* Project object */ = {
			isa = PBXProject;
			attributes = {
				CLASSPREFIX = TW;
				LastUpgradeCheck = 0500;
				ORGANIZATIONNAME = "xi'an thoughtworks";
				TargetAttributes = {
					49DE687F1865A766008846C9 = {
						DevelopmentTeam = C85KQG8PYQ;
					};
					49DE68A01865A766008846C9 = {
						TestTargetID = 49DE687F1865A766008846C9;
					};
				};
			};
			buildConfigurationList = 49DE687B1865A766008846C9 /* Build configuration list for PBXProject "twcourses" */;
			compatibilityVersion = "Xcode 3.2";
			developmentRegion = English;
			hasScannedForEncodings = 0;
			knownRegions = (
				en,
				Base,
				"zh-Hans",
			);
			mainGroup = 49DE68771865A766008846C9;
			productRefGroup = 49DE68811865A766008846C9 /* Products */;
			projectDirPath = "";
			projectRoot = "";
			targets = (
				49DE687F1865A766008846C9 /* twcourses */,
				49DE68A01865A766008846C9 /* twcoursesTests */,
			);
		};
/* End PBXProject section */

/* Begin PBXResourcesBuildPhase section */
		49DE687E1865A766008846C9 /* Resources */ = {
			isa = PBXResourcesBuildPhase;
			buildActionMask = 2147483647;
			files = (
				4966B8D31870AE10005B1804 /* chapters_Storyboard.storyboard in Resources */,
				49628A5F18739E930017D12D /* chapter_Storyboard.storyboard in Resources */,
				939B3ED11870608E0020C15C /* Localizable.strings in Resources */,
				49FBBA8E187AD9F00083222A /* play_button.png in Resources */,
				49DE689C1865A766008846C9 /* Images.xcassets in Resources */,
				49DE68BA1865C015008846C9 /* sections_Storyboard.storyboard in Resources */,
				49DE688E1865A766008846C9 /* InfoPlist.strings in Resources */,
			);
			runOnlyForDeploymentPostprocessing = 0;
		};
		49DE689F1865A766008846C9 /* Resources */ = {
			isa = PBXResourcesBuildPhase;
			buildActionMask = 2147483647;
			files = (
				49DE68AD1865A766008846C9 /* InfoPlist.strings in Resources */,
			);
			runOnlyForDeploymentPostprocessing = 0;
		};
/* End PBXResourcesBuildPhase section */

/* Begin PBXShellScriptBuildPhase section */
		09A2F9397A40491F909055EE /* Check Pods Manifest.lock */ = {
			isa = PBXShellScriptBuildPhase;
			buildActionMask = 2147483647;
			files = (
			);
			inputPaths = (
			);
			name = "Check Pods Manifest.lock";
			outputPaths = (
			);
			runOnlyForDeploymentPostprocessing = 0;
			shellPath = /bin/sh;
			shellScript = "diff \"${PODS_ROOT}/../Podfile.lock\" \"${PODS_ROOT}/Manifest.lock\" > /dev/null\nif [[ $? != 0 ]] ; then\n    cat << EOM\nerror: The sandbox is not in sync with the Podfile.lock. Run 'pod install' or update your CocoaPods installation.\nEOM\n    exit 1\nfi\n";
			showEnvVarsInLog = 0;
		};
		16201073B6D14B299C4C1DAA /* Copy Pods Resources */ = {
			isa = PBXShellScriptBuildPhase;
			buildActionMask = 2147483647;
			files = (
			);
			inputPaths = (
			);
			name = "Copy Pods Resources";
			outputPaths = (
			);
			runOnlyForDeploymentPostprocessing = 0;
			shellPath = /bin/sh;
			shellScript = "\"${SRCROOT}/Pods/Pods-resources.sh\"\n";
			showEnvVarsInLog = 0;
		};
/* End PBXShellScriptBuildPhase section */

/* Begin PBXSourcesBuildPhase section */
		49DE687C1865A766008846C9 /* Sources */ = {
			isa = PBXSourcesBuildPhase;
			buildActionMask = 2147483647;
			files = (
				49DE68901865A766008846C9 /* main.m in Sources */,
				4966B8D91870B56D005B1804 /* TWCoursesCell.m in Sources */,
				4966B8D61870B4B1005B1804 /* TWCoursesViewController.m in Sources */,
				4927DD101865EC50001E750A /* TWCourses.m in Sources */,
				4927DD111865EC50001E750A /* TWChapter.m in Sources */,
				939B3ECE18705D440020C15C /* NSNumber+TWVideoLength.m in Sources */,
				49DE68941865A766008846C9 /* TWAppDelegate.m in Sources */,
				4927DD141865EC5D001E750A /* TWCoursesDetailsViewController.m in Sources */,
				49DE689A1865A766008846C9 /* TWViewController.m in Sources */,
				368672E1A0D6E6DDE4B1E5CF /* TWChaptersDetailsViewController.m in Sources */,
				49FBBA93187AF0DA0083222A /* TWVedioImageView.m in Sources */,
			);
			runOnlyForDeploymentPostprocessing = 0;
		};
		49DE689D1865A766008846C9 /* Sources */ = {
			isa = PBXSourcesBuildPhase;
			buildActionMask = 2147483647;
			files = (
				49DE68AF1865A766008846C9 /* twcoursesTests.m in Sources */,
			);
			runOnlyForDeploymentPostprocessing = 0;
		};
/* End PBXSourcesBuildPhase section */

/* Begin PBXTargetDependency section */
		49DE68A71865A766008846C9 /* PBXTargetDependency */ = {
			isa = PBXTargetDependency;
			target = 49DE687F1865A766008846C9 /* twcourses */;
			targetProxy = 49DE68A61865A766008846C9 /* PBXContainerItemProxy */;
		};
/* End PBXTargetDependency section */

/* Begin PBXVariantGroup section */
		49DE688C1865A766008846C9 /* InfoPlist.strings */ = {
			isa = PBXVariantGroup;
			children = (
				49DE688D1865A766008846C9 /* en */,
			);
			name = InfoPlist.strings;
			sourceTree = "<group>";
		};
		49DE68AB1865A766008846C9 /* InfoPlist.strings */ = {
			isa = PBXVariantGroup;
			children = (
				49DE68AC1865A766008846C9 /* en */,
			);
			name = InfoPlist.strings;
			sourceTree = "<group>";
		};
		939B3ED31870608E0020C15C /* Localizable.strings */ = {
			isa = PBXVariantGroup;
			children = (
				939B3ED5187060D60020C15C /* en */,
				939B3ED61870622A0020C15C /* zh-Hans */,
			);
			name = Localizable.strings;
			sourceTree = "<group>";
		};
/* End PBXVariantGroup section */

/* Begin XCBuildConfiguration section */
		49DE68B01865A766008846C9 /* Debug */ = {
			isa = XCBuildConfiguration;
			buildSettings = {
				ALWAYS_SEARCH_USER_PATHS = NO;
				ARCHS = "$(ARCHS_STANDARD_INCLUDING_64_BIT)";
				CLANG_CXX_LANGUAGE_STANDARD = "gnu++0x";
				CLANG_CXX_LIBRARY = "libc++";
				CLANG_ENABLE_MODULES = YES;
				CLANG_ENABLE_OBJC_ARC = YES;
				CLANG_WARN_BOOL_CONVERSION = YES;
				CLANG_WARN_CONSTANT_CONVERSION = YES;
				CLANG_WARN_DIRECT_OBJC_ISA_USAGE = YES_ERROR;
				CLANG_WARN_EMPTY_BODY = YES;
				CLANG_WARN_ENUM_CONVERSION = YES;
				CLANG_WARN_INT_CONVERSION = YES;
				CLANG_WARN_OBJC_ROOT_CLASS = YES_ERROR;
				CLANG_WARN__DUPLICATE_METHOD_MATCH = YES;
				"CODE_SIGN_IDENTITY[sdk=iphoneos*]" = "iPhone Developer";
				COPY_PHASE_STRIP = NO;
				GCC_C_LANGUAGE_STANDARD = gnu99;
				GCC_DYNAMIC_NO_PIC = NO;
				GCC_OPTIMIZATION_LEVEL = 0;
				GCC_PREPROCESSOR_DEFINITIONS = (
					"DEBUG=1",
					"$(inherited)",
				);
				GCC_SYMBOLS_PRIVATE_EXTERN = NO;
				GCC_WARN_64_TO_32_BIT_CONVERSION = YES;
				GCC_WARN_ABOUT_RETURN_TYPE = YES_ERROR;
				GCC_WARN_UNDECLARED_SELECTOR = YES;
				GCC_WARN_UNINITIALIZED_AUTOS = YES;
				GCC_WARN_UNUSED_FUNCTION = YES;
				GCC_WARN_UNUSED_VARIABLE = YES;
				IPHONEOS_DEPLOYMENT_TARGET = 7.0;
				ONLY_ACTIVE_ARCH = YES;
				SDKROOT = iphoneos;
			};
			name = Debug;
		};
		49DE68B11865A766008846C9 /* Release */ = {
			isa = XCBuildConfiguration;
			buildSettings = {
				ALWAYS_SEARCH_USER_PATHS = NO;
				ARCHS = "$(ARCHS_STANDARD_INCLUDING_64_BIT)";
				CLANG_CXX_LANGUAGE_STANDARD = "gnu++0x";
				CLANG_CXX_LIBRARY = "libc++";
				CLANG_ENABLE_MODULES = YES;
				CLANG_ENABLE_OBJC_ARC = YES;
				CLANG_WARN_BOOL_CONVERSION = YES;
				CLANG_WARN_CONSTANT_CONVERSION = YES;
				CLANG_WARN_DIRECT_OBJC_ISA_USAGE = YES_ERROR;
				CLANG_WARN_EMPTY_BODY = YES;
				CLANG_WARN_ENUM_CONVERSION = YES;
				CLANG_WARN_INT_CONVERSION = YES;
				CLANG_WARN_OBJC_ROOT_CLASS = YES_ERROR;
				CLANG_WARN__DUPLICATE_METHOD_MATCH = YES;
				"CODE_SIGN_IDENTITY[sdk=iphoneos*]" = "iPhone Developer";
				COPY_PHASE_STRIP = YES;
				ENABLE_NS_ASSERTIONS = NO;
				GCC_C_LANGUAGE_STANDARD = gnu99;
				GCC_WARN_64_TO_32_BIT_CONVERSION = YES;
				GCC_WARN_ABOUT_RETURN_TYPE = YES_ERROR;
				GCC_WARN_UNDECLARED_SELECTOR = YES;
				GCC_WARN_UNINITIALIZED_AUTOS = YES;
				GCC_WARN_UNUSED_FUNCTION = YES;
				GCC_WARN_UNUSED_VARIABLE = YES;
				IPHONEOS_DEPLOYMENT_TARGET = 7.0;
				SDKROOT = iphoneos;
				VALIDATE_PRODUCT = YES;
			};
			name = Release;
		};
		49DE68B31865A766008846C9 /* Debug */ = {
			isa = XCBuildConfiguration;
			baseConfigurationReference = AC6088D3188A416C8FA266BC /* Pods.xcconfig */;
			buildSettings = {
				ASSETCATALOG_COMPILER_APPICON_NAME = AppIcon;
				ASSETCATALOG_COMPILER_LAUNCHIMAGE_NAME = LaunchImage;
				CODE_SIGN_IDENTITY = "iPhone Developer";
				"CODE_SIGN_IDENTITY[sdk=iphoneos*]" = "iPhone Developer";
				GCC_PRECOMPILE_PREFIX_HEADER = YES;
				GCC_PREFIX_HEADER = "twcourses/twcourses-Prefix.pch";
				INFOPLIST_FILE = "twcourses/twcourses-Info.plist";
				PRODUCT_NAME = "$(TARGET_NAME)";
				PROVISIONING_PROFILE = "";
				WRAPPER_EXTENSION = app;
			};
			name = Debug;
		};
		49DE68B41865A766008846C9 /* Release */ = {
			isa = XCBuildConfiguration;
			baseConfigurationReference = AC6088D3188A416C8FA266BC /* Pods.xcconfig */;
			buildSettings = {
				ASSETCATALOG_COMPILER_APPICON_NAME = AppIcon;
				ASSETCATALOG_COMPILER_LAUNCHIMAGE_NAME = LaunchImage;
				CODE_SIGN_IDENTITY = "iPhone Developer";
				"CODE_SIGN_IDENTITY[sdk=iphoneos*]" = "iPhone Developer";
				GCC_PRECOMPILE_PREFIX_HEADER = YES;
				GCC_PREFIX_HEADER = "twcourses/twcourses-Prefix.pch";
				INFOPLIST_FILE = "twcourses/twcourses-Info.plist";
				PRODUCT_NAME = "$(TARGET_NAME)";
				PROVISIONING_PROFILE = "";
				WRAPPER_EXTENSION = app;
			};
			name = Release;
		};
		49DE68B61865A766008846C9 /* Debug */ = {
			isa = XCBuildConfiguration;
			buildSettings = {
				ARCHS = "$(ARCHS_STANDARD_INCLUDING_64_BIT)";
				BUNDLE_LOADER = "$(BUILT_PRODUCTS_DIR)/twcourses.app/twcourses";
				FRAMEWORK_SEARCH_PATHS = (
					"$(SDKROOT)/Developer/Library/Frameworks",
					"$(inherited)",
					"$(DEVELOPER_FRAMEWORKS_DIR)",
				);
				GCC_PRECOMPILE_PREFIX_HEADER = YES;
				GCC_PREFIX_HEADER = "twcourses/twcourses-Prefix.pch";
				GCC_PREPROCESSOR_DEFINITIONS = (
					"DEBUG=1",
					"$(inherited)",
				);
				INFOPLIST_FILE = "twcoursesTests/twcoursesTests-Info.plist";
				PRODUCT_NAME = "$(TARGET_NAME)";
				TEST_HOST = "$(BUNDLE_LOADER)";
				WRAPPER_EXTENSION = xctest;
			};
			name = Debug;
		};
		49DE68B71865A766008846C9 /* Release */ = {
			isa = XCBuildConfiguration;
			buildSettings = {
				ARCHS = "$(ARCHS_STANDARD_INCLUDING_64_BIT)";
				BUNDLE_LOADER = "$(BUILT_PRODUCTS_DIR)/twcourses.app/twcourses";
				FRAMEWORK_SEARCH_PATHS = (
					"$(SDKROOT)/Developer/Library/Frameworks",
					"$(inherited)",
					"$(DEVELOPER_FRAMEWORKS_DIR)",
				);
				GCC_PRECOMPILE_PREFIX_HEADER = YES;
				GCC_PREFIX_HEADER = "twcourses/twcourses-Prefix.pch";
				INFOPLIST_FILE = "twcoursesTests/twcoursesTests-Info.plist";
				PRODUCT_NAME = "$(TARGET_NAME)";
				TEST_HOST = "$(BUNDLE_LOADER)";
				WRAPPER_EXTENSION = xctest;
			};
			name = Release;
		};
/* End XCBuildConfiguration section */

/* Begin XCConfigurationList section */
		49DE687B1865A766008846C9 /* Build configuration list for PBXProject "twcourses" */ = {
			isa = XCConfigurationList;
			buildConfigurations = (
				49DE68B01865A766008846C9 /* Debug */,
				49DE68B11865A766008846C9 /* Release */,
			);
			defaultConfigurationIsVisible = 0;
			defaultConfigurationName = Release;
		};
		49DE68B21865A766008846C9 /* Build configuration list for PBXNativeTarget "twcourses" */ = {
			isa = XCConfigurationList;
			buildConfigurations = (
				49DE68B31865A766008846C9 /* Debug */,
				49DE68B41865A766008846C9 /* Release */,
			);
			defaultConfigurationIsVisible = 0;
			defaultConfigurationName = Release;
		};
		49DE68B51865A766008846C9 /* Build configuration list for PBXNativeTarget "twcoursesTests" */ = {
			isa = XCConfigurationList;
			buildConfigurations = (
				49DE68B61865A766008846C9 /* Debug */,
				49DE68B71865A766008846C9 /* Release */,
			);
			defaultConfigurationIsVisible = 0;
			defaultConfigurationName = Release;
		};
/* End XCConfigurationList section */
	};
	rootObject = 49DE68781865A766008846C9 /* Project object */;
}
